// !$*UTF8*$!
{
	archiveVersion = 1;
	classes = {
	};
	objectVersion = 55;
	objects = {

/* Begin PBXBuildFile section */
		F127545B2820215400FFB261 /* AppDelegate.swift in Sources */ = {isa = PBXBuildFile; fileRef = F127545A2820215400FFB261 /* AppDelegate.swift */; };
		F127545D2820215400FFB261 /* SceneDelegate.swift in Sources */ = {isa = PBXBuildFile; fileRef = F127545C2820215400FFB261 /* SceneDelegate.swift */; };
		F127545F2820215400FFB261 /* ToDoListViewController.swift in Sources */ = {isa = PBXBuildFile; fileRef = F127545E2820215400FFB261 /* ToDoListViewController.swift */; };
		F12754622820215400FFB261 /* Main.storyboard in Resources */ = {isa = PBXBuildFile; fileRef = F12754602820215400FFB261 /* Main.storyboard */; };
		F12754642820215600FFB261 /* Assets.xcassets in Resources */ = {isa = PBXBuildFile; fileRef = F12754632820215600FFB261 /* Assets.xcassets */; };
		F12754672820215600FFB261 /* LaunchScreen.storyboard in Resources */ = {isa = PBXBuildFile; fileRef = F12754652820215600FFB261 /* LaunchScreen.storyboard */; };
		F12754712820282B00FFB261 /* ToDoItem.swift in Sources */ = {isa = PBXBuildFile; fileRef = F12754702820282B00FFB261 /* ToDoItem.swift */; };
		F127547328202C4100FFB261 /* ToDoDetailTableViewController.swift in Sources */ = {isa = PBXBuildFile; fileRef = F127547228202C4000FFB261 /* ToDoDetailTableViewController.swift */; };
		F12754752820387400FFB261 /* ToDoItems.swift in Sources */ = {isa = PBXBuildFile; fileRef = F12754742820387400FFB261 /* ToDoItems.swift */; };
		F12754772820626E00FFB261 /* ListTableViewCell.swift in Sources */ = {isa = PBXBuildFile; fileRef = F12754762820626E00FFB261 /* ListTableViewCell.swift */; };
		F1CA368F282341AC0081FAB4 /* LocalNotificationManager.swift in Sources */ = {isa = PBXBuildFile; fileRef = F1CA368E282341AC0081FAB4 /* LocalNotificationManager.swift */; };
		F1CA3691282346320081FAB4 /* UIViewController+alert.swift in Sources */ = {isa = PBXBuildFile; fileRef = F1CA3690282346320081FAB4 /* UIViewController+alert.swift */; };
/* End PBXBuildFile section */

/* Begin PBXFileReference section */
		F12754572820215400FFB261 /* daily-V6.app */ = {isa = PBXFileReference; explicitFileType = wrapper.application; includeInIndex = 0; path = "daily-V6.app"; sourceTree = BUILT_PRODUCTS_DIR; };
		F127545A2820215400FFB261 /* AppDelegate.swift */ = {isa = PBXFileReference; lastKnownFileType = sourcecode.swift; path = AppDelegate.swift; sourceTree = "<group>"; };
		F127545C2820215400FFB261 /* SceneDelegate.swift */ = {isa = PBXFileReference; lastKnownFileType = sourcecode.swift; path = SceneDelegate.swift; sourceTree = "<group>"; };
		F127545E2820215400FFB261 /* ToDoListViewController.swift */ = {isa = PBXFileReference; lastKnownFileType = sourcecode.swift; path = ToDoListViewController.swift; sourceTree = "<group>"; };
		F12754612820215400FFB261 /* Base */ = {isa = PBXFileReference; lastKnownFileType = file.storyboard; name = Base; path = Base.lproj/Main.storyboard; sourceTree = "<group>"; };
		F12754632820215600FFB261 /* Assets.xcassets */ = {isa = PBXFileReference; lastKnownFileType = folder.assetcatalog; path = Assets.xcassets; sourceTree = "<group>"; };
		F12754662820215600FFB261 /* Base */ = {isa = PBXFileReference; lastKnownFileType = file.storyboard; name = Base; path = Base.lproj/LaunchScreen.storyboard; sourceTree = "<group>"; };
		F12754682820215600FFB261 /* Info.plist */ = {isa = PBXFileReference; lastKnownFileType = text.plist.xml; path = Info.plist; sourceTree = "<group>"; };
		F12754702820282B00FFB261 /* ToDoItem.swift */ = {isa = PBXFileReference; fileEncoding = 4; lastKnownFileType = sourcecode.swift; path = ToDoItem.swift; sourceTree = "<group>"; };
		F127547228202C4000FFB261 /* ToDoDetailTableViewController.swift */ = {isa = PBXFileReference; fileEncoding = 4; lastKnownFileType = sourcecode.swift; path = ToDoDetailTableViewController.swift; sourceTree = "<group>"; };
		F12754742820387400FFB261 /* ToDoItems.swift */ = {isa = PBXFileReference; fileEncoding = 4; lastKnownFileType = sourcecode.swift; path = ToDoItems.swift; sourceTree = "<group>"; };
		F12754762820626E00FFB261 /* ListTableViewCell.swift */ = {isa = PBXFileReference; lastKnownFileType = sourcecode.swift; path = ListTableViewCell.swift; sourceTree = "<group>"; };
		F1CA368E282341AC0081FAB4 /* LocalNotificationManager.swift */ = {isa = PBXFileReference; lastKnownFileType = sourcecode.swift; path = LocalNotificationManager.swift; sourceTree = "<group>"; };
		F1CA3690282346320081FAB4 /* UIViewController+alert.swift */ = {isa = PBXFileReference; lastKnownFileType = sourcecode.swift; path = "UIViewController+alert.swift"; sourceTree = "<group>"; };
/* End PBXFileReference section */

/* Begin PBXFrameworksBuildPhase section */
		F12754542820215400FFB261 /* Frameworks */ = {
			isa = PBXFrameworksBuildPhase;
			buildActionMask = 2147483647;
			files = (
			);
			runOnlyForDeploymentPostprocessing = 0;
		};
/* End PBXFrameworksBuildPhase section */

/* Begin PBXGroup section */
		F127544E2820215400FFB261 = {
			isa = PBXGroup;
			children = (
				F12754592820215400FFB261 /* daily-V6 */,
				F12754582820215400FFB261 /* Products */,
			);
			sourceTree = "<group>";
		};
		F12754582820215400FFB261 /* Products */ = {
			isa = PBXGroup;
			children = (
				F12754572820215400FFB261 /* daily-V6.app */,
			);
			name = Products;
			sourceTree = "<group>";
		};
		F12754592820215400FFB261 /* daily-V6 */ = {
			isa = PBXGroup;
			children = (
				F127545A2820215400FFB261 /* AppDelegate.swift */,
				F127545C2820215400FFB261 /* SceneDelegate.swift */,
				F1CA368E282341AC0081FAB4 /* LocalNotificationManager.swift */,
				F1CA3690282346320081FAB4 /* UIViewController+alert.swift */,
				F12754702820282B00FFB261 /* ToDoItem.swift */,
				F12754742820387400FFB261 /* ToDoItems.swift */,
				F127545E2820215400FFB261 /* ToDoListViewController.swift */,
				F127547228202C4000FFB261 /* ToDoDetailTableViewController.swift */,
				F12754762820626E00FFB261 /* ListTableViewCell.swift */,
				F12754602820215400FFB261 /* Main.storyboard */,
				F12754632820215600FFB261 /* Assets.xcassets */,
				F12754652820215600FFB261 /* LaunchScreen.storyboard */,
				F12754682820215600FFB261 /* Info.plist */,
			);
			path = "daily-V6";
			sourceTree = "<group>";
		};
/* End PBXGroup section */

/* Begin PBXNativeTarget section */
		F12754562820215400FFB261 /* daily-V6 */ = {
			isa = PBXNativeTarget;
			buildConfigurationList = F127546B2820215600FFB261 /* Build configuration list for PBXNativeTarget "daily-V6" */;
			buildPhases = (
				F12754532820215400FFB261 /* Sources */,
				F12754542820215400FFB261 /* Frameworks */,
				F12754552820215400FFB261 /* Resources */,
			);
			buildRules = (
			);
			dependencies = (
			);
			name = "daily-V6";
			productName = "daily-V6";
			productReference = F12754572820215400FFB261 /* daily-V6.app */;
			productType = "com.apple.product-type.application";
		};
/* End PBXNativeTarget section */

/* Begin PBXProject section */
		F127544F2820215400FFB261 /* Project object */ = {
			isa = PBXProject;
			attributes = {
				BuildIndependentTargetsInParallel = 1;
				LastSwiftUpdateCheck = 1320;
				LastUpgradeCheck = 1320;
				TargetAttributes = {
					F12754562820215400FFB261 = {
						CreatedOnToolsVersion = 13.2.1;
					};
				};
			};
			buildConfigurationList = F12754522820215400FFB261 /* Build configuration list for PBXProject "daily-V6" */;
			compatibilityVersion = "Xcode 13.0";
			developmentRegion = en;
			hasScannedForEncodings = 0;
			knownRegions = (
				en,
				Base,
			);
			mainGroup = F127544E2820215400FFB261;
			productRefGroup = F12754582820215400FFB261 /* Products */;
			projectDirPath = "";
			projectRoot = "";
			targets = (
				F12754562820215400FFB261 /* daily-V6 */,
			);
		};
/* End PBXProject section */

/* Begin PBXResourcesBuildPhase section */
		F12754552820215400FFB261 /* Resources */ = {
			isa = PBXResourcesBuildPhase;
			buildActionMask = 2147483647;
			files = (
				F12754672820215600FFB261 /* LaunchScreen.storyboard in Resources */,
				F12754642820215600FFB261 /* Assets.xcassets in Resources */,
				F12754622820215400FFB261 /* Main.storyboard in Resources */,
			);
			runOnlyForDeploymentPostprocessing = 0;
		};
/* End PBXResourcesBuildPhase section */

/* Begin PBXSourcesBuildPhase section */
		F12754532820215400FFB261 /* Sources */ = {
			isa = PBXSourcesBuildPhase;
			buildActionMask = 2147483647;
			files = (
				F127545F2820215400FFB261 /* ToDoListViewController.swift in Sources */,
				F127547328202C4100FFB261 /* ToDoDetailTableViewController.swift in Sources */,
				F12754752820387400FFB261 /* ToDoItems.swift in Sources */,
				F1CA3691282346320081FAB4 /* UIViewController+alert.swift in Sources */,
				F12754772820626E00FFB261 /* ListTableViewCell.swift in Sources */,
				F127545B2820215400FFB261 /* AppDelegate.swift in Sources */,
				F12754712820282B00FFB261 /* ToDoItem.swift in Sources */,
				F1CA368F282341AC0081FAB4 /* LocalNotificationManager.swift in Sources */,
				F127545D2820215400FFB261 /* SceneDelegate.swift in Sources */,
			);
			runOnlyForDeploymentPostprocessing = 0;
		};
/* End PBXSourcesBuildPhase section */

/* Begin PBXVariantGroup section */
		F12754602820215400FFB261 /* Main.storyboard */ = {
			isa = PBXVariantGroup;
			children = (
				F12754612820215400FFB261 /* Base */,
			);
			name = Main.storyboard;
			sourceTree = "<group>";
		};
		F12754652820215600FFB261 /* LaunchScreen.storyboard */ = {
			isa = PBXVariantGroup;
			children = (
				F12754662820215600FFB261 /* Base */,
			);
			name = LaunchScreen.storyboard;
			sourceTree = "<group>";
		};
/* End PBXVariantGroup section */

/* Begin XCBuildConfiguration section */
		F12754692820215600FFB261 /* Debug */ = {
			isa = XCBuildConfiguration;
			buildSettings = {
				ALWAYS_SEARCH_USER_PATHS = NO;
				CLANG_ANALYZER_NONNULL = YES;
				CLANG_ANALYZER_NUMBER_OBJECT_CONVERSION = YES_AGGRESSIVE;
				CLANG_CXX_LANGUAGE_STANDARD = "gnu++17";
				CLANG_CXX_LIBRARY = "libc++";
				CLANG_ENABLE_MODULES = YES;
				CLANG_ENABLE_OBJC_ARC = YES;
				CLANG_ENABLE_OBJC_WEAK = YES;
				CLANG_WARN_BLOCK_CAPTURE_AUTORELEASING = YES;
				CLANG_WARN_BOOL_CONVERSION = YES;
				CLANG_WARN_COMMA = YES;
				CLANG_WARN_CONSTANT_CONVERSION = YES;
				CLANG_WARN_DEPRECATED_OBJC_IMPLEMENTATIONS = YES;
				CLANG_WARN_DIRECT_OBJC_ISA_USAGE = YES_ERROR;
				CLANG_WARN_DOCUMENTATION_COMMENTS = YES;
				CLANG_WARN_EMPTY_BODY = YES;
				CLANG_WARN_ENUM_CONVERSION = YES;
				CLANG_WARN_INFINITE_RECURSION = YES;
				CLANG_WARN_INT_CONVERSION = YES;
				CLANG_WARN_NON_LITERAL_NULL_CONVERSION = YES;
				CLANG_WARN_OBJC_IMPLICIT_RETAIN_SELF = YES;
				CLANG_WARN_OBJC_LITERAL_CONVERSION = YES;
				CLANG_WARN_OBJC_ROOT_CLASS = YES_ERROR;
				CLANG_WARN_QUOTED_INCLUDE_IN_FRAMEWORK_HEADER = YES;
				CLANG_WARN_RANGE_LOOP_ANALYSIS = YES;
				CLANG_WARN_STRICT_PROTOTYPES = YES;
				CLANG_WARN_SUSPICIOUS_MOVE = YES;
				CLANG_WARN_UNGUARDED_AVAILABILITY = YES_AGGRESSIVE;
				CLANG_WARN_UNREACHABLE_CODE = YES;
				CLANG_WARN__DUPLICATE_METHOD_MATCH = YES;
				COPY_PHASE_STRIP = NO;
				DEBUG_INFORMATION_FORMAT = dwarf;
				ENABLE_STRICT_OBJC_MSGSEND = YES;
				ENABLE_TESTABILITY = YES;
				GCC_C_LANGUAGE_STANDARD = gnu11;
				GCC_DYNAMIC_NO_PIC = NO;
				GCC_NO_COMMON_BLOCKS = YES;
				GCC_OPTIMIZATION_LEVEL = 0;
				GCC_PREPROCESSOR_DEFINITIONS = (
					"DEBUG=1",
					"$(inherited)",
				);
				GCC_WARN_64_TO_32_BIT_CONVERSION = YES;
				GCC_WARN_ABOUT_RETURN_TYPE = YES_ERROR;
				GCC_WARN_UNDECLARED_SELECTOR = YES;
				GCC_WARN_UNINITIALIZED_AUTOS = YES_AGGRESSIVE;
				GCC_WARN_UNUSED_FUNCTION = YES;
				GCC_WARN_UNUSED_VARIABLE = YES;
				IPHONEOS_DEPLOYMENT_TARGET = 15.2;
				MTL_ENABLE_DEBUG_INFO = INCLUDE_SOURCE;
				MTL_FAST_MATH = YES;
				ONLY_ACTIVE_ARCH = YES;
				SDKROOT = iphoneos;
				SWIFT_ACTIVE_COMPILATION_CONDITIONS = DEBUG;
				SWIFT_OPTIMIZATION_LEVEL = "-Onone";
			};
			name = Debug;
		};
		F127546A2820215600FFB261 /* Release */ = {
			isa = XCBuildConfiguration;
			buildSettings = {
				ALWAYS_SEARCH_USER_PATHS = NO;
				CLANG_ANALYZER_NONNULL = YES;
				CLANG_ANALYZER_NUMBER_OBJECT_CONVERSION = YES_AGGRESSIVE;
				CLANG_CXX_LANGUAGE_STANDARD = "gnu++17";
				CLANG_CXX_LIBRARY = "libc++";
				CLANG_ENABLE_MODULES = YES;
				CLANG_ENABLE_OBJC_ARC = YES;
				CLANG_ENABLE_OBJC_WEAK = YES;
				CLANG_WARN_BLOCK_CAPTURE_AUTORELEASING = YES;
				CLANG_WARN_BOOL_CONVERSION = YES;
				CLANG_WARN_COMMA = YES;
				CLANG_WARN_CONSTANT_CONVERSION = YES;
				CLANG_WARN_DEPRECATED_OBJC_IMPLEMENTATIONS = YES;
				CLANG_WARN_DIRECT_OBJC_ISA_USAGE = YES_ERROR;
				CLANG_WARN_DOCUMENTATION_COMMENTS = YES;
				CLANG_WARN_EMPTY_BODY = YES;
				CLANG_WARN_ENUM_CONVERSION = YES;
				CLANG_WARN_INFINITE_RECURSION = YES;
				CLANG_WARN_INT_CONVERSION = YES;
				CLANG_WARN_NON_LITERAL_NULL_CONVERSION = YES;
				CLANG_WARN_OBJC_IMPLICIT_RETAIN_SELF = YES;
				CLANG_WARN_OBJC_LITERAL_CONVERSION = YES;
				CLANG_WARN_OBJC_ROOT_CLASS = YES_ERROR;
				CLANG_WARN_QUOTED_INCLUDE_IN_FRAMEWORK_HEADER = YES;
				CLANG_WARN_RANGE_LOOP_ANALYSIS = YES;
				CLANG_WARN_STRICT_PROTOTYPES = YES;
				CLANG_WARN_SUSPICIOUS_MOVE = YES;
				CLANG_WARN_UNGUARDED_AVAILABILITY = YES_AGGRESSIVE;
				CLANG_WARN_UNREACHABLE_CODE = YES;
				CLANG_WARN__DUPLICATE_METHOD_MATCH = YES;
				COPY_PHASE_STRIP = NO;
				DEBUG_INFORMATION_FORMAT = "dwarf-with-dsym";
				ENABLE_NS_ASSERTIONS = NO;
				ENABLE_STRICT_OBJC_MSGSEND = YES;
				GCC_C_LANGUAGE_STANDARD = gnu11;
				GCC_NO_COMMON_BLOCKS = YES;
				GCC_WARN_64_TO_32_BIT_CONVERSION = YES;
				GCC_WARN_ABOUT_RETURN_TYPE = YES_ERROR;
				GCC_WARN_UNDECLARED_SELECTOR = YES;
				GCC_WARN_UNINITIALIZED_AUTOS = YES_AGGRESSIVE;
				GCC_WARN_UNUSED_FUNCTION = YES;
				GCC_WARN_UNUSED_VARIABLE = YES;
				IPHONEOS_DEPLOYMENT_TARGET = 15.2;
				MTL_ENABLE_DEBUG_INFO = NO;
				MTL_FAST_MATH = YES;
				SDKROOT = iphoneos;
				SWIFT_COMPILATION_MODE = wholemodule;
				SWIFT_OPTIMIZATION_LEVEL = "-O";
				VALIDATE_PRODUCT = YES;
			};
			name = Release;
		};
		F127546C2820215600FFB261 /* Debug */ = {
			isa = XCBuildConfiguration;
			buildSettings = {
				ASSETCATALOG_COMPILER_APPICON_NAME = AppIcon;
				ASSETCATALOG_COMPILER_GLOBAL_ACCENT_COLOR_NAME = AccentColor;
				CODE_SIGN_STYLE = Automatic;
				CURRENT_PROJECT_VERSION = 1;
				DEVELOPMENT_TEAM = 625GW8G2G5;
				GENERATE_INFOPLIST_FILE = YES;
				INFOPLIST_FILE = "daily-V6/Info.plist";
				INFOPLIST_KEY_UIApplicationSupportsIndirectInputEvents = YES;
				INFOPLIST_KEY_UILaunchStoryboardName = LaunchScreen;
				INFOPLIST_KEY_UIMainStoryboardFile = Main;
				INFOPLIST_KEY_UISupportedInterfaceOrientations_iPad = "UIInterfaceOrientationPortrait UIInterfaceOrientationPortraitUpsideDown UIInterfaceOrientationLandscapeLeft UIInterfaceOrientationLandscapeRight";
				INFOPLIST_KEY_UISupportedInterfaceOrientations_iPhone = "UIInterfaceOrientationPortrait UIInterfaceOrientationLandscapeLeft UIInterfaceOrientationLandscapeRight";
				LD_RUNPATH_SEARCH_PATHS = (
					"$(inherited)",
					"@executable_path/Frameworks",
				);
				MARKETING_VERSION = 1.0;
				PRODUCT_BUNDLE_IDENTIFIER = "Carol-Yu.daily-V6";
				PRODUCT_NAME = "$(TARGET_NAME)";
				SWIFT_EMIT_LOC_STRINGS = YES;
				SWIFT_VERSION = 5.0;
				TARGETED_DEVICE_FAMILY = "1,2";
			};
			name = Debug;
		};
		F127546D2820215600FFB261 /* Release */ = {
			isa = XCBuildConfiguration;
			buildSettings = {
				ASSETCATALOG_COMPILER_APPICON_NAME = AppIcon;
				ASSETCATALOG_COMPILER_GLOBAL_ACCENT_COLOR_NAME = AccentColor;
				CODE_SIGN_STYLE = Automatic;
				CURRENT_PROJECT_VERSION = 1;
				DEVELOPMENT_TEAM = 625GW8G2G5;
				GENERATE_INFOPLIST_FILE = YES;
				INFOPLIST_FILE = "daily-V6/Info.plist";
				INFOPLIST_KEY_UIApplicationSupportsIndirectInputEvents = YES;
				INFOPLIST_KEY_UILaunchStoryboardName = LaunchScreen;
				INFOPLIST_KEY_UIMainStoryboardFile = Main;
				INFOPLIST_KEY_UISupportedInterfaceOrientations_iPad = "UIInterfaceOrientationPortrait UIInterfaceOrientationPortraitUpsideDown UIInterfaceOrientationLandscapeLeft UIInterfaceOrientationLandscapeRight";
				INFOPLIST_KEY_UISupportedInterfaceOrientations_iPhone = "UIInterfaceOrientationPortrait UIInterfaceOrientationLandscapeLeft UIInterfaceOrientationLandscapeRight";
				LD_RUNPATH_SEARCH_PATHS = (
					"$(inherited)",
					"@executable_path/Frameworks",
				);
				MARKETING_VERSION = 1.0;
				PRODUCT_BUNDLE_IDENTIFIER = "Carol-Yu.daily-V6";
				PRODUCT_NAME = "$(TARGET_NAME)";
				SWIFT_EMIT_LOC_STRINGS = YES;
				SWIFT_VERSION = 5.0;
				TARGETED_DEVICE_FAMILY = "1,2";
			};
			name = Release;
		};
/* End XCBuildConfiguration section */

/* Begin XCConfigurationList section */
		F12754522820215400FFB261 /* Build configuration list for PBXProject "daily-V6" */ = {
			isa = XCConfigurationList;
			buildConfigurations = (
				F12754692820215600FFB261 /* Debug */,
				F127546A2820215600FFB261 /* Release */,
			);
			defaultConfigurationIsVisible = 0;
			defaultConfigurationName = Release;
		};
		F127546B2820215600FFB261 /* Build configuration list for PBXNativeTarget "daily-V6" */ = {
			isa = XCConfigurationList;
			buildConfigurations = (
				F127546C2820215600FFB261 /* Debug */,
				F127546D2820215600FFB261 /* Release */,
			);
			defaultConfigurationIsVisible = 0;
			defaultConfigurationName = Release;
		};
/* End XCConfigurationList section */
	};
	rootObject = F127544F2820215400FFB261 /* Project object */;
}
